
Microsoft Visual Studio Solution File, Format Version 12.00
# Visual Studio Version 16
VisualStudioVersion = 16.0.31205.134
MinimumVisualStudioVersion = 10.0.40219.1
Project("{34036844-64E7-43A5-9151-4AD90E180989}") = "azure-iot-edge-redis-timeseries", "azure-iot-edge-redis-timeseries.iotedgeproj", "{711854A0-5917-4168-AAA0-6C7C484A5C68}"
EndProject
Project("{9A19103F-16F7-4668-BE54-9A1E7A4F7556}") = "RedisTimeSeriesEdge", "modules\RedisTimeSeriesEdge\RedisTimeSeriesEdge.csproj", "{428D039F-52C2-4E38-B240-21E976C95304}"
EndProject
Project("{9A19103F-16F7-4668-BE54-9A1E7A4F7556}") = "TimeSeriesRepository.Test", "tests\TimeSeriesRepository.Test\TimeSeriesRepository.Test.csproj", "{ED151DEF-36B6-460D-81AA-F9D0FB2504E2}"
EndProject
Project("{9A19103F-16F7-4668-BE54-9A1E7A4F7556}") = "RedisTimeSeries", "modules\RedisTimeSeries\RedisTimeSeries.csproj", "{4D54BF57-1182-4F0B-A106-9BE99F7CAFD6}"
EndProject
Project("{9A19103F-16F7-4668-BE54-9A1E7A4F7556}") = "Grafana", "modules\Grafana\Grafana.csproj", "{D5468A84-70DC-4816-8FDB-456E644B0D4F}"
EndProject
Project("{9A19103F-16F7-4668-BE54-9A1E7A4F7556}") = "Prometheus", "modules\Prometheus\Prometheus.csproj", "{54BD8DA1-54D3-4E1D-BD10-D020F34D8D6A}"
EndProject
Global
	GlobalSection(SolutionConfigurationPlatforms) = preSolution
		Debug|Any CPU = Debug|Any CPU
		Release|Any CPU = Release|Any CPU
	EndGlobalSection
	GlobalSection(ProjectConfigurationPlatforms) = postSolution
		{711854A0-5917-4168-AAA0-6C7C484A5C68}.Debug|Any CPU.ActiveCfg = Debug|Any CPU
		{711854A0-5917-4168-AAA0-6C7C484A5C68}.Debug|Any CPU.Build.0 = Debug|Any CPU
		{711854A0-5917-4168-AAA0-6C7C484A5C68}.Release|Any CPU.ActiveCfg = Release|Any CPU
		{711854A0-5917-4168-AAA0-6C7C484A5C68}.Release|Any CPU.Build.0 = Release|Any CPU
		{428D039F-52C2-4E38-B240-21E976C95304}.Debug|Any CPU.ActiveCfg = Debug|Any CPU
		{428D039F-52C2-4E38-B240-21E976C95304}.Debug|Any CPU.Build.0 = Debug|Any CPU
		{428D039F-52C2-4E38-B240-21E976C95304}.Release|Any CPU.ActiveCfg = Release|Any CPU
		{428D039F-52C2-4E38-B240-21E976C95304}.Release|Any CPU.Build.0 = Release|Any CPU
		{ED151DEF-36B6-460D-81AA-F9D0FB2504E2}.Debug|Any CPU.ActiveCfg = Debug|Any CPU
		{ED151DEF-36B6-460D-81AA-F9D0FB2504E2}.Debug|Any CPU.Build.0 = Debug|Any CPU
		{ED151DEF-36B6-460D-81AA-F9D0FB2504E2}.Release|Any CPU.ActiveCfg = Release|Any CPU
		{ED151DEF-36B6-460D-81AA-F9D0FB2504E2}.Release|Any CPU.Build.0 = Release|Any CPU
		{4D54BF57-1182-4F0B-A106-9BE99F7CAFD6}.Debug|Any CPU.ActiveCfg = Debug|Any CPU
		{4D54BF57-1182-4F0B-A106-9BE99F7CAFD6}.Debug|Any CPU.Build.0 = Debug|Any CPU
		{4D54BF57-1182-4F0B-A106-9BE99F7CAFD6}.Release|Any CPU.ActiveCfg = Release|Any CPU
		{4D54BF57-1182-4F0B-A106-9BE99F7CAFD6}.Release|Any CPU.Build.0 = Release|Any CPU
		{D5468A84-70DC-4816-8FDB-456E644B0D4F}.Debug|Any CPU.ActiveCfg = Debug|Any CPU
		{D5468A84-70DC-4816-8FDB-456E644B0D4F}.Debug|Any CPU.Build.0 = Debug|Any CPU
		{D5468A84-70DC-4816-8FDB-456E644B0D4F}.Release|Any CPU.ActiveCfg = Release|Any CPU
		{D5468A84-70DC-4816-8FDB-456E644B0D4F}.Release|Any CPU.Build.0 = Release|Any CPU
		{54BD8DA1-54D3-4E1D-BD10-D020F34D8D6A}.Debug|Any CPU.ActiveCfg = Debug|Any CPU
		{54BD8DA1-54D3-4E1D-BD10-D020F34D8D6A}.Debug|Any CPU.Build.0 = Debug|Any CPU
		{54BD8DA1-54D3-4E1D-BD10-D020F34D8D6A}.Release|Any CPU.ActiveCfg = Release|Any CPU
		{54BD8DA1-54D3-4E1D-BD10-D020F34D8D6A}.Release|Any CPU.Build.0 = Release|Any CPU
	EndGlobalSection
	GlobalSection(SolutionProperties) = preSolution
		HideSolutionNode = FALSE
	EndGlobalSection
	GlobalSection(ExtensibilityGlobals) = postSolution
		SolutionGuid = {A5E3BD42-2AAB-45C1-9EFF-907345A676D4}
	EndGlobalSection
EndGlobal
